{
  "name": "vibetags-evals",
  "version": "0.0.0",
  "lockfileVersion": 3,
  "requires": true,
  "packages": {
    "": {
      "name": "vibetags-evals",
      "version": "0.0.0",
      "license": "Apache-2.0",
      "dependencies": {
        "@anthropic-ai/claude-code": "2.1.276"
      }
    },
    "node_modules/@anthropic-ai/claude-code": {
      "version": "2.1.276",
      "resolved": "https://registry.npmjs.org/@anthropic-ai/claude-code/-/claude-code-2.1.276.tgz",
      "integrity": "sha512-xgVXCbFdqOhSAcMTSC61gjL1jCQuoAA4TNU1I7Dmf/yuYcDxHf796r6LaB3Jswm1floKnP1V+/zfphtDlPdlkg==",
      "hasInstallScript": true,
      "license": "SEE LICENSE IN README.md",
      "bin": {
        "claude": "bin/claude.exe"
      },
      "engines": {
        "node": ">=22.0.0"
      },
      "optionalDependencies": {
        "@anthropic-ai/claude-code-darwin-arm64": "2.1.276",
        "@anthropic-ai/claude-code-darwin-x64": "2.1.276",
        "@anthropic-ai/claude-code-linux-arm64": "2.1.276",
        "@anthropic-ai/claude-code-linux-arm64-musl": "2.1.276",
        "@anthropic-ai/claude-code-linux-x64": "2.1.276",
        "@anthropic-ai/claude-code-linux-x64-musl": "2.1.276",
        "@anthropic-ai/claude-code-win32-arm64": "2.1.276",
        "@anthropic-ai/claude-code-win32-x64": "2.1.276"
      }
    },
    "node_modules/@anthropic-ai/claude-code-darwin-arm64": {
      "version": "2.1.276",
      "resolved": "https://registry.npmjs.org/@anthropic-ai/claude-code-darwin-arm64/-/claude-code-darwin-arm64-2.1.276.tgz",
      "integrity": "sha512-JchRlXfYFrHGjm7fTZpWzlDvaP67SSO2yx2yFQSxt/T57mC6ickpApiuvS5jHCia6qjwzgjuzWSkemfLYaxB7w==",
      "cpu": [
        "arm64"
      ],
      "license": "SEE LICENSE IN LICENSE.md",
      "optional": true,
      "os": [
        "darwin"
      ]
    },
    "node_modules/@anthropic-ai/claude-code-darwin-x64": {
      "version": "2.1.276",
      "resolved": "https://registry.npmjs.org/@anthropic-ai/claude-code-darwin-x64/-/claude-code-darwin-x64-2.1.276.tgz",
      "integrity": "sha512-7LBOcz1A5cqbQ9z363R5YjnsNvZCDAztV8/zOXM3i0PM7nHDrG3blYoZPDal54uPiovGCPVsa+bEuj+kbSZPYA==",
      "cpu": [
        "x64"
      ],
      "license": "SEE LICENSE IN LICENSE.md",
      "optional": true,
      "os": [
        "darwin"
      ]
    },
    "node_modules/@anthropic-ai/claude-code-linux-arm64": {
      "version": "2.1.276",
      "resolved": "https://registry.npmjs.org/@anthropic-ai/claude-code-linux-arm64/-/claude-code-linux-arm64-2.1.276.tgz",
      "integrity": "sha512-/wzWD8U5mGmSoeiB99gGfvVuj/7/p7nh/zZACTuuPEwvo/CfMMvW/ZxBB6LG8w0nz6B//UOIx3ryKdGCENAPOA==",
      "cpu": [
        "arm64"
      ],
      "libc": [
        "glibc"
      ],
      "license": "SEE LICENSE IN LICENSE.md",
      "optional": true,
      "os": [
        "linux"
      ]
    },
    "node_modules/@anthropic-ai/claude-code-linux-arm64-musl": {
      "version": "2.1.276",
      "resolved": "https://registry.npmjs.org/@anthropic-ai/claude-code-linux-arm64-musl/-/claude-code-linux-arm64-musl-2.1.276.tgz",
      "integrity": "sha512-eKm/iIwLNdc8VtY00ETzDaLQN8tt1u7cf38b+Y/tCCfZWz8vT5EnQkJatpkm94Yq2m5iRXjcILmN2hHWZ53s0Q==",
      "cpu": [
        "arm64"
      ],
      "libc": [
        "musl"
      ],
      "license": "SEE LICENSE IN LICENSE.md",
      "optional": true,
      "os": [
        "linux"
      ]
    },
    "node_modules/@anthropic-ai/claude-code-linux-x64": {
      "version": "2.1.276",
      "resolved": "https://registry.npmjs.org/@anthropic-ai/claude-code-linux-x64/-/claude-code-linux-x64-2.1.276.tgz",
      "integrity": "sha512-xFhD9UyIVKWLEQjcFg1ynSmYPpiXSdyN9+9rtrM0aIVnSqFP15Hd5/owEf7N6JrHtAXijfxDC0usXFxAOJQ1vA==",
      "cpu": [
        "x64"
      ],
      "libc": [
        "glibc"
      ],
      "license": "SEE LICENSE IN LICENSE.md",
      "optional": true,
      "os": [
        "linux"
      ]
    },
    "node_modules/@anthropic-ai/claude-code-linux-x64-musl": {
      "version": "2.1.276",
      "resolved": "https://registry.npmjs.org/@anthropic-ai/claude-code-linux-x64-musl/-/claude-code-linux-x64-musl-2.1.276.tgz",
      "integrity": "sha512-1y66zgPpIWV14fn75veSXCCNpJB92+dlM2jSt5hvlB15LH6wk2JHTD8H7ogRCYPrMtBOkdz3yfH/fxSeD4UP1w==",
      "cpu": [
        "x64"
      ],
      "libc": [
        "musl"
      ],
      "license": "SEE LICENSE IN LICENSE.md",
      "optional": true,
      "os": [
        "linux"
      ]
    },
    "node_modules/@anthropic-ai/claude-code-win32-arm64": {
      "version": "2.1.276",
      "resolved": "https://registry.npmjs.org/@anthropic-ai/claude-code-win32-arm64/-/claude-code-win32-arm64-2.1.276.tgz",
      "integrity": "sha512-QGbJPUb6uhngwPCKociJUArJfqSV6gW55qcZLiu7RJQIUK4LHApntAIO6NdJ/du4YiuHsty/5Hy2zAzekXk+mQ==",
      "cpu": [
        "arm64"
      ],
      "license": "SEE LICENSE IN LICENSE.md",
      "optional": true,
      "os": [
        "win32"
      ]
    },
    "node_modules/@anthropic-ai/claude-code-win32-x64": {
      "version": "2.1.276",
      "resolved": "https://registry.npmjs.org/@anthropic-ai/claude-code-win32-x64/-/claude-code-win32-x64-2.1.276.tgz",
      "integrity": "sha512-5LtGQOG70zw7svIs7rRN8hutS8vXmn6FrXZk5hmt1Tsr18ycbesxD1YgJydgyzy99HRqOTkFMXQCWZOUsY8xpg==",
      "cpu": [
        "x64"
      ],
      "license": "SEE LICENSE IN LICENSE.md",
      "optional": true,
      "os": [
        "win32"
      ]
    }
  }
}
